// !$*UTF8*$!
{
	archiveVersion = 1;
	classes = {
	};
	objectVersion = 46;
	objects = {

/* Begin PBXBuildFile section */
		743633CE1CE190F500CFD3A7 /* SNRadioButton.m in Sources */ = {isa = PBXBuildFile; fileRef = 743633CD1CE190F500CFD3A7 /* SNRadioButton.m */; };
		743633D11CE1BC1200CFD3A7 /* SNTopMenuSubVIew.m in Sources */ = {isa = PBXBuildFile; fileRef = 743633D01CE1BC1200CFD3A7 /* SNTopMenuSubVIew.m */; };
		748872401CE0377400A59C44 /* ShoppingCartData.plist in Resources */ = {isa = PBXBuildFile; fileRef = 7488723F1CE0377400A59C44 /* ShoppingCartData.plist */; };
		74CD47E01CDC5706004AD64E /* main.m in Sources */ = {isa = PBXBuildFile; fileRef = 74CD47DF1CDC5706004AD64E /* main.m */; };
		74CD47E31CDC5706004AD64E /* AppDelegate.m in Sources */ = {isa = PBXBuildFile; fileRef = 74CD47E21CDC5706004AD64E /* AppDelegate.m */; };
		74CD47E61CDC5706004AD64E /* ViewController.m in Sources */ = {isa = PBXBuildFile; fileRef = 74CD47E51CDC5706004AD64E /* ViewController.m */; };
		74CD47E91CDC5706004AD64E /* Main.storyboard in Resources */ = {isa = PBXBuildFile; fileRef = 74CD47E71CDC5706004AD64E /* Main.storyboard */; };
		74CD47EB1CDC5706004AD64E /* Assets.xcassets in Resources */ = {isa = PBXBuildFile; fileRef = 74CD47EA1CDC5706004AD64E /* Assets.xcassets */; };
		74CD47EE1CDC5706004AD64E /* LaunchScreen.storyboard in Resources */ = {isa = PBXBuildFile; fileRef = 74CD47EC1CDC5706004AD64E /* LaunchScreen.storyboard */; };
		74CD47F91CDC5706004AD64E /* SNTopMenuTests.m in Sources */ = {isa = PBXBuildFile; fileRef = 74CD47F81CDC5706004AD64E /* SNTopMenuTests.m */; };
		74CD48041CDC5706004AD64E /* SNTopMenuUITests.m in Sources */ = {isa = PBXBuildFile; fileRef = 74CD48031CDC5706004AD64E /* SNTopMenuUITests.m */; };
		74CD48131CDC583C004AD64E /* SNTopMenuMainView.m in Sources */ = {isa = PBXBuildFile; fileRef = 74CD48121CDC583C004AD64E /* SNTopMenuMainView.m */; };
		74CD48161CDC5850004AD64E /* SNTopMenuView.m in Sources */ = {isa = PBXBuildFile; fileRef = 74CD48151CDC5850004AD64E /* SNTopMenuView.m */; };
		74CD48191CDC5868004AD64E /* SNTopContentView.m in Sources */ = {isa = PBXBuildFile; fileRef = 74CD48181CDC5868004AD64E /* SNTopContentView.m */; };
		74CD481C1CDC77DC004AD64E /* UIView+FramePoint.m in Sources */ = {isa = PBXBuildFile; fileRef = 74CD481B1CDC77DC004AD64E /* UIView+FramePoint.m */; };
		74CD481E1CDC959B004AD64E /* Reveal.framework in Frameworks */ = {isa = PBXBuildFile; fileRef = 74CD481D1CDC959B004AD64E /* Reveal.framework */; };
		74CD48201CDC964E004AD64E /* libz.tbd in Frameworks */ = {isa = PBXBuildFile; fileRef = 74CD481F1CDC964E004AD64E /* libz.tbd */; };
/* End PBXBuildFile section */

/* Begin PBXContainerItemProxy section */
		74CD47F51CDC5706004AD64E /* PBXContainerItemProxy */ = {
			isa = PBXContainerItemProxy;
			containerPortal = 74CD47D31CDC5706004AD64E /* Project object */;
			proxyType = 1;
			remoteGlobalIDString = 74CD47DA1CDC5706004AD64E;
			remoteInfo = SNTopMenu;
		};
		74CD48001CDC5706004AD64E /* PBXContainerItemProxy */ = {
			isa = PBXContainerItemProxy;
			containerPortal = 74CD47D31CDC5706004AD64E /* Project object */;
			proxyType = 1;
			remoteGlobalIDString = 74CD47DA1CDC5706004AD64E;
			remoteInfo = SNTopMenu;
		};
/* End PBXContainerItemProxy section */

/* Begin PBXFileReference section */
		743633CC1CE190F500CFD3A7 /* SNRadioButton.h */ = {isa = PBXFileReference; fileEncoding = 4; lastKnownFileType = sourcecode.c.h; name = SNRadioButton.h; path = SNRadioButton/SNRadioButton.h; sourceTree = "<group>"; };
		743633CD1CE190F500CFD3A7 /* SNRadioButton.m */ = {isa = PBXFileReference; fileEncoding = 4; lastKnownFileType = sourcecode.c.objc; name = SNRadioButton.m; path = SNRadioButton/SNRadioButton.m; sourceTree = "<group>"; };
		743633CF1CE1BC1200CFD3A7 /* SNTopMenuSubVIew.h */ = {isa = PBXFileReference; fileEncoding = 4; lastKnownFileType = sourcecode.c.h; path = SNTopMenuSubVIew.h; sourceTree = "<group>"; };
		743633D01CE1BC1200CFD3A7 /* SNTopMenuSubVIew.m */ = {isa = PBXFileReference; fileEncoding = 4; lastKnownFileType = sourcecode.c.objc; path = SNTopMenuSubVIew.m; sourceTree = "<group>"; };
		7488723F1CE0377400A59C44 /* ShoppingCartData.plist */ = {isa = PBXFileReference; fileEncoding = 4; lastKnownFileType = text.plist.xml; path = ShoppingCartData.plist; sourceTree = "<group>"; };
		74CD47DB1CDC5706004AD64E /* SNTopMenu.app */ = {isa = PBXFileReference; explicitFileType = wrapper.application; includeInIndex = 0; path = SNTopMenu.app; sourceTree = BUILT_PRODUCTS_DIR; };
		74CD47DF1CDC5706004AD64E /* main.m */ = {isa = PBXFileReference; lastKnownFileType = sourcecode.c.objc; path = main.m; sourceTree = "<group>"; };
		74CD47E11CDC5706004AD64E /* AppDelegate.h */ = {isa = PBXFileReference; lastKnownFileType = sourcecode.c.h; path = AppDelegate.h; sourceTree = "<group>"; };
		74CD47E21CDC5706004AD64E /* AppDelegate.m */ = {isa = PBXFileReference; lastKnownFileType = sourcecode.c.objc; path = AppDelegate.m; sourceTree = "<group>"; };
		74CD47E41CDC5706004AD64E /* ViewController.h */ = {isa = PBXFileReference; lastKnownFileType = sourcecode.c.h; path = ViewController.h; sourceTree = "<group>"; };
		74CD47E51CDC5706004AD64E /* ViewController.m */ = {isa = PBXFileReference; lastKnownFileType = sourcecode.c.objc; path = ViewController.m; sourceTree = "<group>"; };
		74CD47E81CDC5706004AD64E /* Base */ = {isa = PBXFileReference; lastKnownFileType = file.storyboard; name = Base; path = Base.lproj/Main.storyboard; sourceTree = "<group>"; };
		74CD47EA1CDC5706004AD64E /* Assets.xcassets */ = {isa = PBXFileReference; lastKnownFileType = folder.assetcatalog; path = Assets.xcassets; sourceTree = "<group>"; };
		74CD47ED1CDC5706004AD64E /* Base */ = {isa = PBXFileReference; lastKnownFileType = file.storyboard; name = Base; path = Base.lproj/LaunchScreen.storyboard; sourceTree = "<group>"; };
		74CD47EF1CDC5706004AD64E /* Info.plist */ = {isa = PBXFileReference; lastKnownFileType = text.plist.xml; path = Info.plist; sourceTree = "<group>"; };
		74CD47F41CDC5706004AD64E /* SNTopMenuTests.xctest */ = {isa = PBXFileReference; explicitFileType = wrapper.cfbundle; includeInIndex = 0; path = SNTopMenuTests.xctest; sourceTree = BUILT_PRODUCTS_DIR; };
		74CD47F81CDC5706004AD64E /* SNTopMenuTests.m */ = {isa = PBXFileReference; lastKnownFileType = sourcecode.c.objc; path = SNTopMenuTests.m; sourceTree = "<group>"; };
		74CD47FA1CDC5706004AD64E /* Info.plist */ = {isa = PBXFileReference; lastKnownFileType = text.plist.xml; path = Info.plist; sourceTree = "<group>"; };
		74CD47FF1CDC5706004AD64E /* SNTopMenuUITests.xctest */ = {isa = PBXFileReference; explicitFileType = wrapper.cfbundle; includeInIndex = 0; path = SNTopMenuUITests.xctest; sourceTree = BUILT_PRODUCTS_DIR; };
		74CD48031CDC5706004AD64E /* SNTopMenuUITests.m */ = {isa = PBXFileReference; lastKnownFileType = sourcecode.c.objc; path = SNTopMenuUITests.m; sourceTree = "<group>"; };
		74CD48051CDC5706004AD64E /* Info.plist */ = {isa = PBXFileReference; lastKnownFileType = text.plist.xml; path = Info.plist; sourceTree = "<group>"; };
		74CD48111CDC583C004AD64E /* SNTopMenuMainView.h */ = {isa = PBXFileReference; fileEncoding = 4; lastKnownFileType = sourcecode.c.h; path = SNTopMenuMainView.h; sourceTree = "<group>"; };
		74CD48121CDC583C004AD64E /* SNTopMenuMainView.m */ = {isa = PBXFileReference; fileEncoding = 4; lastKnownFileType = sourcecode.c.objc; path = SNTopMenuMainView.m; sourceTree = "<group>"; };
		74CD48141CDC5850004AD64E /* SNTopMenuView.h */ = {isa = PBXFileReference; fileEncoding = 4; lastKnownFileType = sourcecode.c.h; path = SNTopMenuView.h; sourceTree = "<group>"; };
		74CD48151CDC5850004AD64E /* SNTopMenuView.m */ = {isa = PBXFileReference; fileEncoding = 4; lastKnownFileType = sourcecode.c.objc; path = SNTopMenuView.m; sourceTree = "<group>"; };
		74CD48171CDC5868004AD64E /* SNTopContentView.h */ = {isa = PBXFileReference; fileEncoding = 4; lastKnownFileType = sourcecode.c.h; path = SNTopContentView.h; sourceTree = "<group>"; };
		74CD48181CDC5868004AD64E /* SNTopContentView.m */ = {isa = PBXFileReference; fileEncoding = 4; lastKnownFileType = sourcecode.c.objc; path = SNTopContentView.m; sourceTree = "<group>"; };
		74CD481A1CDC77DC004AD64E /* UIView+FramePoint.h */ = {isa = PBXFileReference; fileEncoding = 4; lastKnownFileType = sourcecode.c.h; path = "UIView+FramePoint.h"; sourceTree = "<group>"; };
		74CD481B1CDC77DC004AD64E /* UIView+FramePoint.m */ = {isa = PBXFileReference; fileEncoding = 4; lastKnownFileType = sourcecode.c.objc; path = "UIView+FramePoint.m"; sourceTree = "<group>"; };
		74CD481D1CDC959B004AD64E /* Reveal.framework */ = {isa = PBXFileReference; lastKnownFileType = wrapper.framework; path = Reveal.framework; sourceTree = "<group>"; };
		74CD481F1CDC964E004AD64E /* libz.tbd */ = {isa = PBXFileReference; lastKnownFileType = "sourcecode.text-based-dylib-definition"; name = libz.tbd; path = usr/lib/libz.tbd; sourceTree = SDKROOT; };
/* End PBXFileReference section */

/* Begin PBXFrameworksBuildPhase section */
		74CD47D81CDC5706004AD64E /* Frameworks */ = {
			isa = PBXFrameworksBuildPhase;
			buildActionMask = 2147483647;
			files = (
				74CD48201CDC964E004AD64E /* libz.tbd in Frameworks */,
				74CD481E1CDC959B004AD64E /* Reveal.framework in Frameworks */,
			);
			runOnlyForDeploymentPostprocessing = 0;
		};
		74CD47F11CDC5706004AD64E /* Frameworks */ = {
			isa = PBXFrameworksBuildPhase;
			buildActionMask = 2147483647;
			files = (
			);
			runOnlyForDeploymentPostprocessing = 0;
		};
		74CD47FC1CDC5706004AD64E /* Frameworks */ = {
			isa = PBXFrameworksBuildPhase;
			buildActionMask = 2147483647;
			files = (
			);
			runOnlyForDeploymentPostprocessing = 0;
		};
/* End PBXFrameworksBuildPhase section */

/* Begin PBXGroup section */
		743633CA1CE1902200CFD3A7 /* SNTopMenuView */ = {
			isa = PBXGroup;
			children = (
				74CD48171CDC5868004AD64E /* SNTopContentView.h */,
				74CD48181CDC5868004AD64E /* SNTopContentView.m */,
				74CD48141CDC5850004AD64E /* SNTopMenuView.h */,
				74CD48151CDC5850004AD64E /* SNTopMenuView.m */,
				74CD48111CDC583C004AD64E /* SNTopMenuMainView.h */,
				74CD48121CDC583C004AD64E /* SNTopMenuMainView.m */,
				74CD481A1CDC77DC004AD64E /* UIView+FramePoint.h */,
				74CD481B1CDC77DC004AD64E /* UIView+FramePoint.m */,
				743633CF1CE1BC1200CFD3A7 /* SNTopMenuSubVIew.h */,
				743633D01CE1BC1200CFD3A7 /* SNTopMenuSubVIew.m */,
			);
			name = SNTopMenuView;
			sourceTree = "<group>";
		};
		743633CB1CE1909000CFD3A7 /* SNRadioButton */ = {
			isa = PBXGroup;
			children = (
				743633CC1CE190F500CFD3A7 /* SNRadioButton.h */,
				743633CD1CE190F500CFD3A7 /* SNRadioButton.m */,
			);
			name = SNRadioButton;
			sourceTree = "<group>";
		};
		74CD47D21CDC5706004AD64E = {
			isa = PBXGroup;
			children = (
				74CD481F1CDC964E004AD64E /* libz.tbd */,
				74CD47DD1CDC5706004AD64E /* SNTopMenu */,
				74CD47F71CDC5706004AD64E /* SNTopMenuTests */,
				74CD48021CDC5706004AD64E /* SNTopMenuUITests */,
				74CD47DC1CDC5706004AD64E /* Products */,
			);
			sourceTree = "<group>";
		};
		74CD47DC1CDC5706004AD64E /* Products */ = {
			isa = PBXGroup;
			children = (
				74CD47DB1CDC5706004AD64E /* SNTopMenu.app */,
				74CD47F41CDC5706004AD64E /* SNTopMenuTests.xctest */,
				74CD47FF1CDC5706004AD64E /* SNTopMenuUITests.xctest */,
			);
			name = Products;
			sourceTree = "<group>";
		};
		74CD47DD1CDC5706004AD64E /* SNTopMenu */ = {
			isa = PBXGroup;
			children = (
				743633CB1CE1909000CFD3A7 /* SNRadioButton */,
				743633CA1CE1902200CFD3A7 /* SNTopMenuView */,
				7488723F1CE0377400A59C44 /* ShoppingCartData.plist */,
				74CD481D1CDC959B004AD64E /* Reveal.framework */,
				74CD47E11CDC5706004AD64E /* AppDelegate.h */,
				74CD47E21CDC5706004AD64E /* AppDelegate.m */,
				74CD47E41CDC5706004AD64E /* ViewController.h */,
				74CD47E51CDC5706004AD64E /* ViewController.m */,
				74CD47E71CDC5706004AD64E /* Main.storyboard */,
				74CD47EA1CDC5706004AD64E /* Assets.xcassets */,
				74CD47EC1CDC5706004AD64E /* LaunchScreen.storyboard */,
				74CD47EF1CDC5706004AD64E /* Info.plist */,
				74CD47DE1CDC5706004AD64E /* Supporting Files */,
			);
			path = SNTopMenu;
			sourceTree = "<group>";
		};
		74CD47DE1CDC5706004AD64E /* Supporting Files */ = {
			isa = PBXGroup;
			children = (
				74CD47DF1CDC5706004AD64E /* main.m */,
			);
			name = "Supporting Files";
			sourceTree = "<group>";
		};
		74CD47F71CDC5706004AD64E /* SNTopMenuTests */ = {
			isa = PBXGroup;
			children = (
				74CD47F81CDC5706004AD64E /* SNTopMenuTests.m */,
				74CD47FA1CDC5706004AD64E /* Info.plist */,
			);
			path = SNTopMenuTests;
			sourceTree = "<group>";
		};
		74CD48021CDC5706004AD64E /* SNTopMenuUITests */ = {
			isa = PBXGroup;
			children = (
				74CD48031CDC5706004AD64E /* SNTopMenuUITests.m */,
				74CD48051CDC5706004AD64E /* Info.plist */,
			);
			path = SNTopMenuUITests;
			sourceTree = "<group>";
		};
/* End PBXGroup section */

/* Begin PBXNativeTarget section */
		74CD47DA1CDC5706004AD64E /* SNTopMenu */ = {
			isa = PBXNativeTarget;
			buildConfigurationList = 74CD48081CDC5706004AD64E /* Build configuration list for PBXNativeTarget "SNTopMenu" */;
			buildPhases = (
				74CD47D71CDC5706004AD64E /* Sources */,
				74CD47D81CDC5706004AD64E /* Frameworks */,
				74CD47D91CDC5706004AD64E /* Resources */,
			);
			buildRules = (
			);
			dependencies = (
			);
			name = SNTopMenu;
			productName = SNTopMenu;
			productReference = 74CD47DB1CDC5706004AD64E /* SNTopMenu.app */;
			productType = "com.apple.product-type.application";
		};
		74CD47F31CDC5706004AD64E /* SNTopMenuTests */ = {
			isa = PBXNativeTarget;
			buildConfigurationList = 74CD480B1CDC5706004AD64E /* Build configuration list for PBXNativeTarget "SNTopMenuTests" */;
			buildPhases = (
				74CD47F01CDC5706004AD64E /* Sources */,
				74CD47F11CDC5706004AD64E /* Frameworks */,
				74CD47F21CDC5706004AD64E /* Resources */,
			);
			buildRules = (
			);
			dependencies = (
				74CD47F61CDC5706004AD64E /* PBXTargetDependency */,
			);
			name = SNTopMenuTests;
			productName = SNTopMenuTests;
			productReference = 74CD47F41CDC5706004AD64E /* SNTopMenuTests.xctest */;
			productType = "com.apple.product-type.bundle.unit-test";
		};
		74CD47FE1CDC5706004AD64E /* SNTopMenuUITests */ = {
			isa = PBXNativeTarget;
			buildConfigurationList = 74CD480E1CDC5706004AD64E /* Build configuration list for PBXNativeTarget "SNTopMenuUITests" */;
			buildPhases = (
				74CD47FB1CDC5706004AD64E /* Sources */,
				74CD47FC1CDC5706004AD64E /* Frameworks */,
				74CD47FD1CDC5706004AD64E /* Resources */,
			);
			buildRules = (
			);
			dependencies = (
				74CD48011CDC5706004AD64E /* PBXTargetDependency */,
			);
			name = SNTopMenuUITests;
			productName = SNTopMenuUITests;
			productReference = 74CD47FF1CDC5706004AD64E /* SNTopMenuUITests.xctest */;
			productType = "com.apple.product-type.bundle.ui-testing";
		};
/* End PBXNativeTarget section */

/* Begin PBXProject section */
		74CD47D31CDC5706004AD64E /* Project object */ = {
			isa = PBXProject;
			attributes = {
				LastUpgradeCheck = 0720;
				ORGANIZATIONNAME = Spectator;
				TargetAttributes = {
					74CD47DA1CDC5706004AD64E = {
						CreatedOnToolsVersion = 7.2.1;
					};
					74CD47F31CDC5706004AD64E = {
						CreatedOnToolsVersion = 7.2.1;
						TestTargetID = 74CD47DA1CDC5706004AD64E;
					};
					74CD47FE1CDC5706004AD64E = {
						CreatedOnToolsVersion = 7.2.1;
						TestTargetID = 74CD47DA1CDC5706004AD64E;
					};
				};
			};
			buildConfigurationList = 74CD47D61CDC5706004AD64E /* Build configuration list for PBXProject "SNTopMenu" */;
			compatibilityVersion = "Xcode 3.2";
			developmentRegion = English;
			hasScannedForEncodings = 0;
			knownRegions = (
				en,
				Base,
			);
			mainGroup = 74CD47D21CDC5706004AD64E;
			productRefGroup = 74CD47DC1CDC5706004AD64E /* Products */;
			projectDirPath = "";
			projectRoot = "";
			targets = (
				74CD47DA1CDC5706004AD64E /* SNTopMenu */,
				74CD47F31CDC5706004AD64E /* SNTopMenuTests */,
				74CD47FE1CDC5706004AD64E /* SNTopMenuUITests */,
			);
		};
/* End PBXProject section */

/* Begin PBXResourcesBuildPhase section */
		74CD47D91CDC5706004AD64E /* Resources */ = {
			isa = PBXResourcesBuildPhase;
			buildActionMask = 2147483647;
			files = (
				748872401CE0377400A59C44 /* ShoppingCartData.plist in Resources */,
				74CD47EE1CDC5706004AD64E /* LaunchScreen.storyboard in Resources */,
				74CD47EB1CDC5706004AD64E /* Assets.xcassets in Resources */,
				74CD47E91CDC5706004AD64E /* Main.storyboard in Resources */,
			);
			runOnlyForDeploymentPostprocessing = 0;
		};
		74CD47F21CDC5706004AD64E /* Resources */ = {
			isa = PBXResourcesBuildPhase;
			buildActionMask = 2147483647;
			files = (
			);
			runOnlyForDeploymentPostprocessing = 0;
		};
		74CD47FD1CDC5706004AD64E /* Resources */ = {
			isa = PBXResourcesBuildPhase;
			buildActionMask = 2147483647;
			files = (
			);
			runOnlyForDeploymentPostprocessing = 0;
		};
/* End PBXResourcesBuildPhase section */

/* Begin PBXSourcesBuildPhase section */
		74CD47D71CDC5706004AD64E /* Sources */ = {
			isa = PBXSourcesBuildPhase;
			buildActionMask = 2147483647;
			files = (
				74CD47E61CDC5706004AD64E /* ViewController.m in Sources */,
				74CD48191CDC5868004AD64E /* SNTopContentView.m in Sources */,
				74CD47E31CDC5706004AD64E /* AppDelegate.m in Sources */,
				74CD47E01CDC5706004AD64E /* main.m in Sources */,
				74CD48131CDC583C004AD64E /* SNTopMenuMainView.m in Sources */,
				74CD481C1CDC77DC004AD64E /* UIView+FramePoint.m in Sources */,
				743633CE1CE190F500CFD3A7 /* SNRadioButton.m in Sources */,
				74CD48161CDC5850004AD64E /* SNTopMenuView.m in Sources */,
				743633D11CE1BC1200CFD3A7 /* SNTopMenuSubVIew.m in Sources */,
			);
			runOnlyForDeploymentPostprocessing = 0;
		};
		74CD47F01CDC5706004AD64E /* Sources */ = {
			isa = PBXSourcesBuildPhase;
			buildActionMask = 2147483647;
			files = (
				74CD47F91CDC5706004AD64E /* SNTopMenuTests.m in Sources */,
			);
			runOnlyForDeploymentPostprocessing = 0;
		};
		74CD47FB1CDC5706004AD64E /* Sources */ = {
			isa = PBXSourcesBuildPhase;
			buildActionMask = 2147483647;
			files = (
				74CD48041CDC5706004AD64E /* SNTopMenuUITests.m in Sources */,
			);
			runOnlyForDeploymentPostprocessing = 0;
		};
/* End PBXSourcesBuildPhase section */

/* Begin PBXTargetDependency section */
		74CD47F61CDC5706004AD64E /* PBXTargetDependency */ = {
			isa = PBXTargetDependency;
			target = 74CD47DA1CDC5706004AD64E /* SNTopMenu */;
			targetProxy = 74CD47F51CDC5706004AD64E /* PBXContainerItemProxy */;
		};
		74CD48011CDC5706004AD64E /* PBXTargetDependency */ = {
			isa = PBXTargetDependency;
			target = 74CD47DA1CDC5706004AD64E /* SNTopMenu */;
			targetProxy = 74CD48001CDC5706004AD64E /* PBXContainerItemProxy */;
		};
/* End PBXTargetDependency section */

/* Begin PBXVariantGroup section */
		74CD47E71CDC5706004AD64E /* Main.storyboard */ = {
			isa = PBXVariantGroup;
			children = (
				74CD47E81CDC5706004AD64E /* Base */,
			);
			name = Main.storyboard;
			sourceTree = "<group>";
		};
		74CD47EC1CDC5706004AD64E /* LaunchScreen.storyboard */ = {
			isa = PBXVariantGroup;
			children = (
				74CD47ED1CDC5706004AD64E /* Base */,
			);
			name = LaunchScreen.storyboard;
			sourceTree = "<group>";
		};
/* End PBXVariantGroup section */

/* Begin XCBuildConfiguration section */
		74CD48061CDC5706004AD64E /* Debug */ = {
			isa = XCBuildConfiguration;
			buildSettings = {
				ALWAYS_SEARCH_USER_PATHS = NO;
				CLANG_CXX_LANGUAGE_STANDARD = "gnu++0x";
				CLANG_CXX_LIBRARY = "libc++";
				CLANG_ENABLE_MODULES = YES;
				CLANG_ENABLE_OBJC_ARC = YES;
				CLANG_WARN_BOOL_CONVERSION = YES;
				CLANG_WARN_CONSTANT_CONVERSION = YES;
				CLANG_WARN_DIRECT_OBJC_ISA_USAGE = YES_ERROR;
				CLANG_WARN_EMPTY_BODY = YES;
				CLANG_WARN_ENUM_CONVERSION = YES;
				CLANG_WARN_INT_CONVERSION = YES;
				CLANG_WARN_OBJC_ROOT_CLASS = YES_ERROR;
				CLANG_WARN_UNREACHABLE_CODE = YES;
				CLANG_WARN__DUPLICATE_METHOD_MATCH = YES;
				"CODE_SIGN_IDENTITY[sdk=iphoneos*]" = "iPhone Developer";
				COPY_PHASE_STRIP = NO;
				DEBUG_INFORMATION_FORMAT = dwarf;
				ENABLE_STRICT_OBJC_MSGSEND = YES;
				ENABLE_TESTABILITY = YES;
				GCC_C_LANGUAGE_STANDARD = gnu99;
				GCC_DYNAMIC_NO_PIC = NO;
				GCC_NO_COMMON_BLOCKS = YES;
				GCC_OPTIMIZATION_LEVEL = 0;
				GCC_PREPROCESSOR_DEFINITIONS = (
					"DEBUG=1",
					"$(inherited)",
				);
				GCC_WARN_64_TO_32_BIT_CONVERSION = YES;
				GCC_WARN_ABOUT_RETURN_TYPE = YES_ERROR;
				GCC_WARN_UNDECLARED_SELECTOR = YES;
				GCC_WARN_UNINITIALIZED_AUTOS = YES_AGGRESSIVE;
				GCC_WARN_UNUSED_FUNCTION = YES;
				GCC_WARN_UNUSED_VARIABLE = YES;
				IPHONEOS_DEPLOYMENT_TARGET = 9.3;
				MTL_ENABLE_DEBUG_INFO = YES;
				ONLY_ACTIVE_ARCH = YES;
				SDKROOT = iphoneos;
				TARGETED_DEVICE_FAMILY = "1,2";
			};
			name = Debug;
		};
		74CD48071CDC5706004AD64E /* Release */ = {
			isa = XCBuildConfiguration;
			buildSettings = {
				ALWAYS_SEARCH_USER_PATHS = NO;
				CLANG_CXX_LANGUAGE_STANDARD = "gnu++0x";
				CLANG_CXX_LIBRARY = "libc++";
				CLANG_ENABLE_MODULES = YES;
				CLANG_ENABLE_OBJC_ARC = YES;
				CLANG_WARN_BOOL_CONVERSION = YES;
				CLANG_WARN_CONSTANT_CONVERSION = YES;
				CLANG_WARN_DIRECT_OBJC_ISA_USAGE = YES_ERROR;
				CLANG_WARN_EMPTY_BODY = YES;
				CLANG_WARN_ENUM_CONVERSION = YES;
				CLANG_WARN_INT_CONVERSION = YES;
				CLANG_WARN_OBJC_ROOT_CLASS = YES_ERROR;
				CLANG_WARN_UNREACHABLE_CODE = YES;
				CLANG_WARN__DUPLICATE_METHOD_MATCH = YES;
				"CODE_SIGN_IDENTITY[sdk=iphoneos*]" = "iPhone Developer";
				COPY_PHASE_STRIP = NO;
				DEBUG_INFORMATION_FORMAT = "dwarf-with-dsym";
				ENABLE_NS_ASSERTIONS = NO;
				ENABLE_STRICT_OBJC_MSGSEND = YES;
				GCC_C_LANGUAGE_STANDARD = gnu99;
				GCC_NO_COMMON_BLOCKS = YES;
				GCC_WARN_64_TO_32_BIT_CONVERSION = YES;
				GCC_WARN_ABOUT_RETURN_TYPE = YES_ERROR;
				GCC_WARN_UNDECLARED_SELECTOR = YES;
				GCC_WARN_UNINITIALIZED_AUTOS = YES_AGGRESSIVE;
				GCC_WARN_UNUSED_FUNCTION = YES;
				GCC_WARN_UNUSED_VARIABLE = YES;
				IPHONEOS_DEPLOYMENT_TARGET = 9.3;
				MTL_ENABLE_DEBUG_INFO = NO;
				SDKROOT = iphoneos;
				TARGETED_DEVICE_FAMILY = "1,2";
				VALIDATE_PRODUCT = YES;
			};
			name = Release;
		};
		74CD48091CDC5706004AD64E /* Debug */ = {
			isa = XCBuildConfiguration;
			buildSettings = {
				ASSETCATALOG_COMPILER_APPICON_NAME = AppIcon;
				FRAMEWORK_SEARCH_PATHS = (
					"$(inherited)",
					"$(PROJECT_DIR)/SNTopMenu",
				);
				INFOPLIST_FILE = SNTopMenu/Info.plist;
				IPHONEOS_DEPLOYMENT_TARGET = 9.2;
				LD_RUNPATH_SEARCH_PATHS = "$(inherited) @executable_path/Frameworks";
				OTHER_LDFLAGS = "-ObjC";
				PRODUCT_BUNDLE_IDENTIFIER = com.sepctatornan.SNTopMenu;
				PRODUCT_NAME = "$(TARGET_NAME)";
			};
			name = Debug;
		};
		74CD480A1CDC5706004AD64E /* Release */ = {
			isa = XCBuildConfiguration;
			buildSettings = {
				ASSETCATALOG_COMPILER_APPICON_NAME = AppIcon;
				FRAMEWORK_SEARCH_PATHS = (
					"$(inherited)",
					"$(PROJECT_DIR)/SNTopMenu",
				);
				INFOPLIST_FILE = SNTopMenu/Info.plist;
				IPHONEOS_DEPLOYMENT_TARGET = 9.2;
				LD_RUNPATH_SEARCH_PATHS = "$(inherited) @executable_path/Frameworks";
				OTHER_LDFLAGS = "-ObjC";
				PRODUCT_BUNDLE_IDENTIFIER = com.sepctatornan.SNTopMenu;
				PRODUCT_NAME = "$(TARGET_NAME)";
			};
			name = Release;
		};
		74CD480C1CDC5706004AD64E /* Debug */ = {
			isa = XCBuildConfiguration;
			buildSettings = {
				BUNDLE_LOADER = "$(TEST_HOST)";
				INFOPLIST_FILE = SNTopMenuTests/Info.plist;
				LD_RUNPATH_SEARCH_PATHS = "$(inherited) @executable_path/Frameworks @loader_path/Frameworks";
				PRODUCT_BUNDLE_IDENTIFIER = com.sepctatornan.SNTopMenuTests;
				PRODUCT_NAME = "$(TARGET_NAME)";
				TEST_HOST = "$(BUILT_PRODUCTS_DIR)/SNTopMenu.app/SNTopMenu";
			};
			name = Debug;
		};
		74CD480D1CDC5706004AD64E /* Release */ = {
			isa = XCBuildConfiguration;
			buildSettings = {
				BUNDLE_LOADER = "$(TEST_HOST)";
				INFOPLIST_FILE = SNTopMenuTests/Info.plist;
				LD_RUNPATH_SEARCH_PATHS = "$(inherited) @executable_path/Frameworks @loader_path/Frameworks";
				PRODUCT_BUNDLE_IDENTIFIER = com.sepctatornan.SNTopMenuTests;
				PRODUCT_NAME = "$(TARGET_NAME)";
				TEST_HOST = "$(BUILT_PRODUCTS_DIR)/SNTopMenu.app/SNTopMenu";
			};
			name = Release;
		};
		74CD480F1CDC5706004AD64E /* Debug */ = {
			isa = XCBuildConfiguration;
			buildSettings = {
				INFOPLIST_FILE = SNTopMenuUITests/Info.plist;
				LD_RUNPATH_SEARCH_PATHS = "$(inherited) @executable_path/Frameworks @loader_path/Frameworks";
				PRODUCT_BUNDLE_IDENTIFIER = com.sepctatornan.SNTopMenuUITests;
				PRODUCT_NAME = "$(TARGET_NAME)";
				TEST_TARGET_NAME = SNTopMenu;
				USES_XCTRUNNER = YES;
			};
			name = Debug;
		};
		74CD48101CDC5706004AD64E /* Release */ = {
			isa = XCBuildConfiguration;
			buildSettings = {
				INFOPLIST_FILE = SNTopMenuUITests/Info.plist;
				LD_RUNPATH_SEARCH_PATHS = "$(inherited) @executable_path/Frameworks @loader_path/Frameworks";
				PRODUCT_BUNDLE_IDENTIFIER = com.sepctatornan.SNTopMenuUITests;
				PRODUCT_NAME = "$(TARGET_NAME)";
				TEST_TARGET_NAME = SNTopMenu;
				USES_XCTRUNNER = YES;
			};
			name = Release;
		};
/* End XCBuildConfiguration section */

/* Begin XCConfigurationList section */
		74CD47D61CDC5706004AD64E /* Build configuration list for PBXProject "SNTopMenu" */ = {
			isa = XCConfigurationList;
			buildConfigurations = (
				74CD48061CDC5706004AD64E /* Debug */,
				74CD48071CDC5706004AD64E /* Release */,
			);
			defaultConfigurationIsVisible = 0;
			defaultConfigurationName = Release;
		};
		74CD48081CDC5706004AD64E /* Build configuration list for PBXNativeTarget "SNTopMenu" */ = {
			isa = XCConfigurationList;
			buildConfigurations = (
				74CD48091CDC5706004AD64E /* Debug */,
				74CD480A1CDC5706004AD64E /* Release */,
			);
			defaultConfigurationIsVisible = 0;
			defaultConfigurationName = Release;
		};
		74CD480B1CDC5706004AD64E /* Build configuration list for PBXNativeTarget "SNTopMenuTests" */ = {
			isa = XCConfigurationList;
			buildConfigurations = (
				74CD480C1CDC5706004AD64E /* Debug */,
				74CD480D1CDC5706004AD64E /* Release */,
			);
			defaultConfigurationIsVisible = 0;
			defaultConfigurationName = Release;
		};
		74CD480E1CDC5706004AD64E /* Build configuration list for PBXNativeTarget "SNTopMenuUITests" */ = {
			isa = XCConfigurationList;
			buildConfigurations = (
				74CD480F1CDC5706004AD64E /* Debug */,
				74CD48101CDC5706004AD64E /* Release */,
			);
			defaultConfigurationIsVisible = 0;
			defaultConfigurationName = Release;
		};
/* End XCConfigurationList section */
	};
	rootObject = 74CD47D31CDC5706004AD64E /* Project object */;
}
